
Microsoft Visual Studio Solution File, Format Version 12.00
# Visual Studio 15
VisualStudioVersion = 15.0.27428.2005
MinimumVisualStudioVersion = 10.0.40219.1
Project("{9A19103F-16F7-4668-BE54-9A1E7A4F7556}") = "QList", "QList\QList.csproj", "{9D9DBC7D-5A7A-4C9D-B01E-61F19CCD3FA8}"
EndProject
Project("{FAE04EC0-301F-11D3-BF4B-00C04F79EFBC}") = "QList.Tests", "QList.Tests\QList.Tests.csproj", "{D1252D88-372B-436E-87E8-D47234CDDF3D}"
EndProject
Project("{FAE04EC0-301F-11D3-BF4B-00C04F79EFBC}") = "QList.PerformanceTests", "QList.PerformanceTests\QList.PerformanceTests.csproj", "{4A3FBD87-5A46-4ADA-AFBF-49FB3A845FF0}"
EndProject
Global
	GlobalSection(SolutionConfigurationPlatforms) = preSolution
		Debug|Any CPU = Debug|Any CPU
		Release|Any CPU = Release|Any CPU
	EndGlobalSection
	GlobalSection(ProjectConfigurationPlatforms) = postSolution
		{9D9DBC7D-5A7A-4C9D-B01E-61F19CCD3FA8}.Debug|Any CPU.ActiveCfg = Debug|Any CPU
		{9D9DBC7D-5A7A-4C9D-B01E-61F19CCD3FA8}.Debug|Any CPU.Build.0 = Debug|Any CPU
		{9D9DBC7D-5A7A-4C9D-B01E-61F19CCD3FA8}.Release|Any CPU.ActiveCfg = Release|Any CPU
		{9D9DBC7D-5A7A-4C9D-B01E-61F19CCD3FA8}.Release|Any CPU.Build.0 = Release|Any CPU
		{D1252D88-372B-436E-87E8-D47234CDDF3D}.Debug|Any CPU.ActiveCfg = Debug|Any CPU
		{D1252D88-372B-436E-87E8-D47234CDDF3D}.Debug|Any CPU.Build.0 = Debug|Any CPU
		{D1252D88-372B-436E-87E8-D47234CDDF3D}.Release|Any CPU.ActiveCfg = Release|Any CPU
		{D1252D88-372B-436E-87E8-D47234CDDF3D}.Release|Any CPU.Build.0 = Release|Any CPU
		{4A3FBD87-5A46-4ADA-AFBF-49FB3A845FF0}.Debug|Any CPU.ActiveCfg = Debug|Any CPU
		{4A3FBD87-5A46-4ADA-AFBF-49FB3A845FF0}.Debug|Any CPU.Build.0 = Debug|Any CPU
		{4A3FBD87-5A46-4ADA-AFBF-49FB3A845FF0}.Release|Any CPU.ActiveCfg = Release|Any CPU
		{4A3FBD87-5A46-4ADA-AFBF-49FB3A845FF0}.Release|Any CPU.Build.0 = Release|Any CPU
	EndGlobalSection
	GlobalSection(SolutionProperties) = preSolution
		HideSolutionNode = FALSE
	EndGlobalSection
	GlobalSection(ExtensibilityGlobals) = postSolution
		SolutionGuid = {55E7F9BD-1E0F-4026-BE92-AEBE4FD52221}
	EndGlobalSection
EndGlobal
